
Microsoft Visual Studio Solution File, Format Version 12.00
# Visual Studio Version 16
VisualStudioVersion = 16.0.30523.141
MinimumVisualStudioVersion = 10.0.40219.1
Project("{9A19103F-16F7-4668-BE54-9A1E7A4F7556}") = "Marton_Robert_Lab2master", "Marton_Robert_Lab2master.csproj", "{4E65A8EC-6CE2-4B37-847E-DF15ADF559DA}"
EndProject
Project("{9A19103F-16F7-4668-BE54-9A1E7A4F7556}") = "LibraryModel", "..\LibraryModel\LibraryModel.csproj", "{8A7FBD5C-DA86-404F-AC47-582E08995DEF}"
EndProject
Project("{9A19103F-16F7-4668-BE54-9A1E7A4F7556}") = "LibraryWebAPI", "..\LibraryWebAPI\LibraryWebAPI.csproj", "{4CC71431-F0C9-43A2-A531-A99428F045EC}"
EndProject
Project("{FAE04EC0-301F-11D3-BF4B-00C04F79EFBC}") = "GrpcCustomersService", "..\GrpcCustomersService\GrpcCustomersService.csproj", "{2D972EE2-1DEA-461E-ADED-67A64E661934}"
EndProject
Global
	GlobalSection(SolutionConfigurationPlatforms) = preSolution
		Debug|Any CPU = Debug|Any CPU
		Release|Any CPU = Release|Any CPU
	EndGlobalSection
	GlobalSection(ProjectConfigurationPlatforms) = postSolution
		{4E65A8EC-6CE2-4B37-847E-DF15ADF559DA}.Debug|Any CPU.ActiveCfg = Debug|Any CPU
		{4E65A8EC-6CE2-4B37-847E-DF15ADF559DA}.Debug|Any CPU.Build.0 = Debug|Any CPU
		{4E65A8EC-6CE2-4B37-847E-DF15ADF559DA}.Release|Any CPU.ActiveCfg = Release|Any CPU
		{4E65A8EC-6CE2-4B37-847E-DF15ADF559DA}.Release|Any CPU.Build.0 = Release|Any CPU
		{8A7FBD5C-DA86-404F-AC47-582E08995DEF}.Debug|Any CPU.ActiveCfg = Debug|Any CPU
		{8A7FBD5C-DA86-404F-AC47-582E08995DEF}.Debug|Any CPU.Build.0 = Debug|Any CPU
		{8A7FBD5C-DA86-404F-AC47-582E08995DEF}.Release|Any CPU.ActiveCfg = Release|Any CPU
		{8A7FBD5C-DA86-404F-AC47-582E08995DEF}.Release|Any CPU.Build.0 = Release|Any CPU
		{4CC71431-F0C9-43A2-A531-A99428F045EC}.Debug|Any CPU.ActiveCfg = Debug|Any CPU
		{4CC71431-F0C9-43A2-A531-A99428F045EC}.Debug|Any CPU.Build.0 = Debug|Any CPU
		{4CC71431-F0C9-43A2-A531-A99428F045EC}.Release|Any CPU.ActiveCfg = Release|Any CPU
		{4CC71431-F0C9-43A2-A531-A99428F045EC}.Release|Any CPU.Build.0 = Release|Any CPU
		{2D972EE2-1DEA-461E-ADED-67A64E661934}.Debug|Any CPU.ActiveCfg = Debug|Any CPU
		{2D972EE2-1DEA-461E-ADED-67A64E661934}.Debug|Any CPU.Build.0 = Debug|Any CPU
		{2D972EE2-1DEA-461E-ADED-67A64E661934}.Release|Any CPU.ActiveCfg = Release|Any CPU
		{2D972EE2-1DEA-461E-ADED-67A64E661934}.Release|Any CPU.Build.0 = Release|Any CPU
	EndGlobalSection
	GlobalSection(SolutionProperties) = preSolution
		HideSolutionNode = FALSE
	EndGlobalSection
	GlobalSection(ExtensibilityGlobals) = postSolution
		SolutionGuid = {8BD4CF9D-5F07-4F9F-883E-CB5EC820AB65}
	EndGlobalSection
EndGlobal
